// !$*UTF8*$!
{
	archiveVersion = 1;
	classes = {
	};
	objectVersion = 46;
	objects = {

/* Begin PBXBuildFile section */
		0207DA581B56EA530066E2B4 /* Images.xcassets in Resources */ = {isa = PBXBuildFile; fileRef = 0207DA571B56EA530066E2B4 /* Images.xcassets */; };
		03E956A28A044A26AD612DB9 /* libGTM_NSData+zlib.a in Frameworks */ = {isa = PBXBuildFile; fileRef = 53C1D901AC484AFB95F0DC30 /* libGTM_NSData+zlib.a */; };
		08AC4ADBF5F149D9B15B3B7E /* CDVContacts.m in Sources */ = {isa = PBXBuildFile; fileRef = 67FA8A1C796E464BA9794DF1 /* CDVContacts.m */; };
		08B8D3A2F68C4B26A1BD5E31 /* ImageIO.framework in Frameworks */ = {isa = PBXBuildFile; fileRef = 0280277A89D74993A62C477A /* ImageIO.framework */; settings = {ATTRIBUTES = (Weak, ); }; };
		090D85115E4D4C1C878EB455 /* UIApplication+APPBadge.m in Sources */ = {isa = PBXBuildFile; fileRef = A6332B60ABF64433AD312D79 /* UIApplication+APPBadge.m */; };
		118B1DECE0B947648CF32FFA /* libGTM_KVO.a in Frameworks */ = {isa = PBXBuildFile; fileRef = E884547FB0DF4EF29B6D55AC /* libGTM_KVO.a */; };
		1B714CE01487480BB463E3DB /* libGTM_GTMURLBuilder.a in Frameworks */ = {isa = PBXBuildFile; fileRef = BEA7CB94174946FE8F65FCD0 /* libGTM_GTMURLBuilder.a */; };
		1BC3CB727AA44213982439D8 /* libProtocolBuffers.a in Frameworks */ = {isa = PBXBuildFile; fileRef = C885A65262C94137A5A5D24B /* libProtocolBuffers.a */; };
		1D3623260D0F684500981E51 /* AppDelegate.m in Sources */ = {isa = PBXBuildFile; fileRef = 1D3623250D0F684500981E51 /* AppDelegate.m */; };
		1D60589B0D05DD56006BFB54 /* main.m in Sources */ = {isa = PBXBuildFile; fileRef = 29B97316FDCFA39411CA2CEA /* main.m */; };
		1E7CE917F97046B6B11CB7B5 /* libGTM_RoundedRectPath.a in Frameworks */ = {isa = PBXBuildFile; fileRef = F1FFD097C90B45C1B720587C /* libGTM_RoundedRectPath.a */; };
		1F86F4EB07F840EDAF8D39A5 /* UniversalAnalyticsPlugin.m in Sources */ = {isa = PBXBuildFile; fileRef = 50821E7B12B343CA8058E754 /* UniversalAnalyticsPlugin.m */; };
		1F9D829362554D3D83CE866C /* UIImage+CropScaleOrientation.m in Sources */ = {isa = PBXBuildFile; fileRef = B8B6E9599E444AAEA49740EC /* UIImage+CropScaleOrientation.m */; };
		27DA282C282648EF8B43A269 /* libsqlite3.dylib in Frameworks */ = {isa = PBXBuildFile; fileRef = D11DEE8B937648F3B21EBB80 /* libsqlite3.dylib */; };
		2FC29D1ED75B40F4A1457997 /* MessageUI.framework in Frameworks */ = {isa = PBXBuildFile; fileRef = D1F6E139605F434899E7785A /* MessageUI.framework */; settings = {ATTRIBUTES = (Weak, ); }; };
		301BF552109A68D80062928A /* libCordova.a in Frameworks */ = {isa = PBXBuildFile; fileRef = 301BF535109A57CC0062928A /* libCordova.a */; };
		302D95F114D2391D003F00A1 /* MainViewController.m in Sources */ = {isa = PBXBuildFile; fileRef = 302D95EF14D2391D003F00A1 /* MainViewController.m */; };
		302D95F214D2391D003F00A1 /* MainViewController.xib in Resources */ = {isa = PBXBuildFile; fileRef = 302D95F014D2391D003F00A1 /* MainViewController.xib */; };
		3047A5121AB8059700498E2A /* build-debug.xcconfig in Resources */ = {isa = PBXBuildFile; fileRef = 3047A50F1AB8059700498E2A /* build-debug.xcconfig */; };
		3047A5131AB8059700498E2A /* build-release.xcconfig in Resources */ = {isa = PBXBuildFile; fileRef = 3047A5101AB8059700498E2A /* build-release.xcconfig */; };
		3047A5141AB8059700498E2A /* build.xcconfig in Resources */ = {isa = PBXBuildFile; fileRef = 3047A5111AB8059700498E2A /* build.xcconfig */; };
		3701C0CDC4484856AA493C5F /* libGTM_NSDictionary+URLArguments.a in Frameworks */ = {isa = PBXBuildFile; fileRef = A12DF95E674D4770ACB150F0 /* libGTM_NSDictionary+URLArguments.a */; };
		37B2AB67962145C49FF18A84 /* CDVFile.m in Sources */ = {isa = PBXBuildFile; fileRef = 42418CD309E046E59EAFE865 /* CDVFile.m */; };
		42D876373E2A47C7B4528910 /* CDVLocalFilesystem.m in Sources */ = {isa = PBXBuildFile; fileRef = 9558B84ECBF54C70ADAB32A3 /* CDVLocalFilesystem.m */; };
		43E34459AA7748A7BEB28EAC /* libGTM_NSScannerJSON.a in Frameworks */ = {isa = PBXBuildFile; fileRef = 92572F4BA6544C1A9A6A3C9F /* libGTM_NSScannerJSON.a */; };
		54F382DB3705415DBBD114AB /* IonicKeyboard.m in Sources */ = {isa = PBXBuildFile; fileRef = 79C99FD79C3F48FAB1B80A6D /* IonicKeyboard.m */; };
		5D67DA2E6D814DBFB3A27F60 /* CDVPlugin+APPAppEvent.m in Sources */ = {isa = PBXBuildFile; fileRef = 20EF9363977942CCA95A609F /* CDVPlugin+APPAppEvent.m */; };
		5FCE7380507B462386E1BC3D /* libGSDK_Overload.a in Frameworks */ = {isa = PBXBuildFile; fileRef = 971FD4282283492D8A902939 /* libGSDK_Overload.a */; };
		604837E3D6684A2698C68991 /* libGTM_UIFont+LineHeight.a in Frameworks */ = {isa = PBXBuildFile; fileRef = 76EBE8BAC7BF41E9B2B41CFA /* libGTM_UIFont+LineHeight.a */; };
		67CEE8BBBF0B421EAC8864F8 /* libGTM_DebugUtils.a in Frameworks */ = {isa = PBXBuildFile; fileRef = 7E0352D1FB444CE0BDBB6DCB /* libGTM_DebugUtils.a */; };
		69C768FC354548CCA8286DFA /* libGTM_AddressBook.a in Frameworks */ = {isa = PBXBuildFile; fileRef = 3FBF585E00414A0793E40D79 /* libGTM_AddressBook.a */; };
		72E3962E709D4BBC8AA529FE /* CoreLocation.framework in Frameworks */ = {isa = PBXBuildFile; fileRef = 559FE761EA304D0383AD3AA1 /* CoreLocation.framework */; };
		74382A7E6B724CDFA30A7687 /* CDVDevice.m in Sources */ = {isa = PBXBuildFile; fileRef = D4EFF92015AD4472B9AAE688 /* CDVDevice.m */; };
		7AE0F4770AA14B16BD1981A1 /* CoreData.framework in Frameworks */ = {isa = PBXBuildFile; fileRef = 3F0ADC1D86BC43BD95E55676 /* CoreData.framework */; };
		8161568E7334489E8590420A /* CDVAssetLibraryFilesystem.m in Sources */ = {isa = PBXBuildFile; fileRef = 3DB6F1EF00D44545B5A71816 /* CDVAssetLibraryFilesystem.m */; };
		82640D7C91754AC5BF1D466B /* libGTMStackTrace.a in Frameworks */ = {isa = PBXBuildFile; fileRef = 335A6E0A058942F5929F8EA2 /* libGTMStackTrace.a */; };
		829D33202AC04E4BB689D082 /* libsqlite3.tbd in Frameworks */ = {isa = PBXBuildFile; fileRef = 1B183AFB723B4A9DA41F46F7 /* libsqlite3.tbd */; };
		8404F17F26474CC1AEFFD065 /* PushPlugin.m in Sources */ = {isa = PBXBuildFile; fileRef = A4DBC0C7033B48E58335A698 /* PushPlugin.m */; };
		88781B0348AB46E0A46F5AED /* libGGLCore.a in Frameworks */ = {isa = PBXBuildFile; fileRef = 2ECE4112F631419B8A081E8D /* libGGLCore.a */; };
		8895B145E2C3448D8201B435 /* AppDelegate+notification.m in Sources */ = {isa = PBXBuildFile; fileRef = 7E0758A154E74727AE130D2A /* AppDelegate+notification.m */; };
		8CAA474D90DE498B985A4E5C /* CDVContact.m in Sources */ = {isa = PBXBuildFile; fileRef = 475F2854D39B4FF3B4C72531 /* CDVContact.m */; };
		8EA453E177A647279B97239F /* Social.framework in Frameworks */ = {isa = PBXBuildFile; fileRef = E8CA68A769014249A90ABB52 /* Social.framework */; settings = {ATTRIBUTES = (Weak, ); }; };
		95658ADB803D48E088A31FDF /* libGTM_core.a in Frameworks */ = {isa = PBXBuildFile; fileRef = 67978F94611B457B8F45DC70 /* libGTM_core.a */; };
		982B50F5BD2A455892891B1D /* APPBadge.m in Sources */ = {isa = PBXBuildFile; fileRef = 992F58F7C39949C689B4B83F /* APPBadge.m */; };
		9B9F9D776C4B47969895BC22 /* SystemConfiguration.framework in Frameworks */ = {isa = PBXBuildFile; fileRef = 382288A17B5C4D47A97ACC73 /* SystemConfiguration.framework */; };
		A256E61AF6C94BCB9EE82419 /* CDVCamera.m in Sources */ = {isa = PBXBuildFile; fileRef = 3BAD9488F3664C5BA3CDE94A /* CDVCamera.m */; };
		A41E1F484F43455EAF72621D /* SocialSharing.m in Sources */ = {isa = PBXBuildFile; fileRef = 62903A72BBFF4E98A2CCFC14 /* SocialSharing.m */; };
		A706E8D0A9D342C7BCFA24D7 /* libGcmLib.a in Frameworks */ = {isa = PBXBuildFile; fileRef = 2B79E0245C274E799BC60E42 /* libGcmLib.a */; };
		AD0DF3874B194FC5A2521FE5 /* libGTM_NSStringHTML.a in Frameworks */ = {isa = PBXBuildFile; fileRef = 3141F8D49AF24206B36AE94F /* libGTM_NSStringHTML.a */; };
		AE25628D35E74E979D70843D /* AppDelegate+APPAppEvent.m in Sources */ = {isa = PBXBuildFile; fileRef = 30ACAAA73D664FC4B6E5B82A /* AppDelegate+APPAppEvent.m */; };
		AFEEC720C5074D2C80C6E753 /* libGGLCloudMessaging.a in Frameworks */ = {isa = PBXBuildFile; fileRef = 7FC81EBF2D3A4D77AA3DE78B /* libGGLCloudMessaging.a */; };
		B3A596DB5F4F41B79EFA5F2B /* libGGLInstanceIDLib.a in Frameworks */ = {isa = PBXBuildFile; fileRef = 2B2CD47C30F84DBEAB132EAB /* libGGLInstanceIDLib.a */; };
		BA70913D723C448C9249C5D6 /* libGTMSessionFetcher_core.a in Frameworks */ = {isa = PBXBuildFile; fileRef = 7D2FF115CC804733BB412FD8 /* libGTMSessionFetcher_core.a */; };
		BC1B9AF608CE46F4AE76A2C5 /* AdSupport.framework in Frameworks */ = {isa = PBXBuildFile; fileRef = 84B32C5360D24597BD3D23C3 /* AdSupport.framework */; };
		BC3052BD56CE46BEAE249191 /* libGoogleAnalyticsServices.a in Frameworks */ = {isa = PBXBuildFile; fileRef = 6AE4DFCA9B544813A8D397DE /* libGoogleAnalyticsServices.a */; };
		C0741A99886A48758BFC9C4C /* libz.dylib in Frameworks */ = {isa = PBXBuildFile; fileRef = B598778F58014E2680B22A55 /* libz.dylib */; };
		C3050930F4344C7D979ADDC5 /* libGTM_StringEncoding.a in Frameworks */ = {isa = PBXBuildFile; fileRef = A13B57E30DD94A87B07EEB3A /* libGTM_StringEncoding.a */; };
		C9CBF79AD08A4B52BBE6256C /* libGTMSessionFetcher_full.a in Frameworks */ = {isa = PBXBuildFile; fileRef = 990D53EFB9A0463595077AB1 /* libGTMSessionFetcher_full.a */; };
		CE322749C63F4AF682C069EE /* AddressBookUI.framework in Frameworks */ = {isa = PBXBuildFile; fileRef = AD457C5D19FF429A9A19D07C /* AddressBookUI.framework */; settings = {ATTRIBUTES = (Weak, ); }; };
		D2F5AD8B34E649428E62F98F /* libz.tbd in Frameworks */ = {isa = PBXBuildFile; fileRef = BA932D1BE43B4B16A079D4EE /* libz.tbd */; };
		DAF09FC378F946979A7EFFE1 /* CDVStatusBar.m in Sources */ = {isa = PBXBuildFile; fileRef = 1D56C34692CC4C6DA3AFFAC5 /* CDVStatusBar.m */; };
		DB8A0AD508304E0A8710D72A /* libAdIdAccess.a in Frameworks */ = {isa = PBXBuildFile; fileRef = 9A3600086E984785A5A8697E /* libAdIdAccess.a */; };
		E34D72F583FA4D909BB98A0D /* CDVJpegHeaderWriter.m in Sources */ = {isa = PBXBuildFile; fileRef = 5688119FE927496289B4388D /* CDVJpegHeaderWriter.m */; };
		E6F19D39F1094AABB8C1E3B5 /* libGTM_Regex.a in Frameworks */ = {isa = PBXBuildFile; fileRef = C57F88D78B584968BE277A86 /* libGTM_Regex.a */; };
		EC6EB24DE3D74D3FB6DDA06A /* libGIP_Reachability.a in Frameworks */ = {isa = PBXBuildFile; fileRef = E52B35FBAE8444E8B9AE7C19 /* libGIP_Reachability.a */; };
		EC80C7F76AEA45ACA65E7EA2 /* AVFoundation.framework in Frameworks */ = {isa = PBXBuildFile; fileRef = 8869B63743064A788D86203A /* AVFoundation.framework */; };
		F21AD4105B3E4BA6A7711A02 /* libGTM_iPhone.a in Frameworks */ = {isa = PBXBuildFile; fileRef = 00DB06680A59492E9A11B388 /* libGTM_iPhone.a */; };
		F24BA0EEE95747E48E5EDDA6 /* libGTM_NSStringXML.a in Frameworks */ = {isa = PBXBuildFile; fileRef = D4DB33F03A0B4E3EA717358C /* libGTM_NSStringXML.a */; };
		F8E2D7558C20456CB3EC2EB5 /* CDVFileTransfer.m in Sources */ = {isa = PBXBuildFile; fileRef = BB6F35C024504377A307DBFD /* CDVFileTransfer.m */; };
		FA3E03917C254C6790D7288B /* NSString+URLEncoding.m in Sources */ = {isa = PBXBuildFile; fileRef = EC9883C5C0B84511A110AEC2 /* NSString+URLEncoding.m */; };
		FB0733FA09E049FA84A933DE /* libGTM_SystemVersion.a in Frameworks */ = {isa = PBXBuildFile; fileRef = 06C4C0F45ACC49E1955DA9A5 /* libGTM_SystemVersion.a */; };
		FB1E9066D7764E10A62D9E69 /* AddressBook.framework in Frameworks */ = {isa = PBXBuildFile; fileRef = D03DFA72BE934305A68E5902 /* AddressBook.framework */; settings = {ATTRIBUTES = (Weak, ); }; };
/* End PBXBuildFile section */

/* Begin PBXContainerItemProxy section */
		301BF534109A57CC0062928A /* PBXContainerItemProxy */ = {
			isa = PBXContainerItemProxy;
			containerPortal = 301BF52D109A57CC0062928A /* CordovaLib.xcodeproj */;
			proxyType = 2;
			remoteGlobalIDString = D2AAC07E0554694100DB518D;
			remoteInfo = CordovaLib;
		};
		301BF550109A68C00062928A /* PBXContainerItemProxy */ = {
			isa = PBXContainerItemProxy;
			containerPortal = 301BF52D109A57CC0062928A /* CordovaLib.xcodeproj */;
			proxyType = 1;
			remoteGlobalIDString = D2AAC07D0554694100DB518D;
			remoteInfo = CordovaLib;
		};
/* End PBXContainerItemProxy section */

/* Begin PBXFileReference section */
		00DB06680A59492E9A11B388 /* libGTM_iPhone.a */ = {isa = PBXFileReference; explicitFileType = undefined; fileEncoding = 9; includeInIndex = 0; lastKnownFileType = archive.ar; name = libGTM_iPhone.a; path = "halle/Plugins/phonegap-plugin-push/GCM/Libraries/libGTM_iPhone.a"; sourceTree = "<group>"; };
		0207DA571B56EA530066E2B4 /* Images.xcassets */ = {isa = PBXFileReference; lastKnownFileType = folder.assetcatalog; name = Images.xcassets; path = halle/Images.xcassets; sourceTree = SOURCE_ROOT; };
		0280277A89D74993A62C477A /* ImageIO.framework */ = {isa = PBXFileReference; explicitFileType = undefined; fileEncoding = 9; includeInIndex = 0; lastKnownFileType = wrapper.framework; name = ImageIO.framework; path = System/Library/Frameworks/ImageIO.framework; sourceTree = SDKROOT; };
		040332E21351451598839168 /* UIImage+CropScaleOrientation.h */ = {isa = PBXFileReference; explicitFileType = undefined; fileEncoding = 4; includeInIndex = 0; lastKnownFileType = sourcecode.c.h; name = "UIImage+CropScaleOrientation.h"; path = "cordova-plugin-camera/UIImage+CropScaleOrientation.h"; sourceTree = "<group>"; };
		045627A4087A4AE39ADDF402 /* GoogleCloudMessaging.h */ = {isa = PBXFileReference; explicitFileType = undefined; fileEncoding = 4; includeInIndex = 0; lastKnownFileType = sourcecode.c.h; name = GoogleCloudMessaging.h; path = "phonegap-plugin-push/GCM/Headers/GoogleCloudMessaging.h"; sourceTree = "<group>"; };
		068E2AD2A81B45719154CC6D /* IonicKeyboard.h */ = {isa = PBXFileReference; explicitFileType = undefined; fileEncoding = 4; includeInIndex = 0; lastKnownFileType = sourcecode.c.h; name = IonicKeyboard.h; path = "ionic-plugin-keyboard/IonicKeyboard.h"; sourceTree = "<group>"; };
		06C4C0F45ACC49E1955DA9A5 /* libGTM_SystemVersion.a */ = {isa = PBXFileReference; explicitFileType = undefined; fileEncoding = 9; includeInIndex = 0; lastKnownFileType = archive.ar; name = libGTM_SystemVersion.a; path = "halle/Plugins/phonegap-plugin-push/GCM/Libraries/libGTM_SystemVersion.a"; sourceTree = "<group>"; };
		0BC4B20E10C84E33A947342D /* CDVCamera.h */ = {isa = PBXFileReference; explicitFileType = undefined; fileEncoding = 4; includeInIndex = 0; lastKnownFileType = sourcecode.c.h; name = CDVCamera.h; path = "cordova-plugin-camera/CDVCamera.h"; sourceTree = "<group>"; };
		0C0BF14BA5294CAEA92BF848 /* CDVStatusBar.h */ = {isa = PBXFileReference; explicitFileType = undefined; fileEncoding = 4; includeInIndex = 0; lastKnownFileType = sourcecode.c.h; name = CDVStatusBar.h; path = "cordova-plugin-statusbar/CDVStatusBar.h"; sourceTree = "<group>"; };
		116F326320B24954B8873143 /* GAI.h */ = {isa = PBXFileReference; explicitFileType = undefined; fileEncoding = 4; includeInIndex = 0; lastKnownFileType = sourcecode.c.h; name = GAI.h; path = "cordova-plugin-google-analytics/GAI.h"; sourceTree = "<group>"; };
		13593D1CE3A8487FB68A658F /* GAITracker.h */ = {isa = PBXFileReference; explicitFileType = undefined; fileEncoding = 4; includeInIndex = 0; lastKnownFileType = sourcecode.c.h; name = GAITracker.h; path = "cordova-plugin-google-analytics/GAITracker.h"; sourceTree = "<group>"; };
		1B183AFB723B4A9DA41F46F7 /* libsqlite3.tbd */ = {isa = PBXFileReference; explicitFileType = undefined; fileEncoding = 9; includeInIndex = 0; lastKnownFileType = unknown; path = libsqlite3.tbd; sourceTree = "<group>"; };
		1D3623240D0F684500981E51 /* AppDelegate.h */ = {isa = PBXFileReference; fileEncoding = 4; lastKnownFileType = sourcecode.c.h; path = AppDelegate.h; sourceTree = "<group>"; };
		1D3623250D0F684500981E51 /* AppDelegate.m */ = {isa = PBXFileReference; fileEncoding = 4; lastKnownFileType = sourcecode.c.objc; path = AppDelegate.m; sourceTree = "<group>"; };
		1D56C34692CC4C6DA3AFFAC5 /* CDVStatusBar.m */ = {isa = PBXFileReference; explicitFileType = undefined; fileEncoding = 4; includeInIndex = 0; lastKnownFileType = sourcecode.c.objc; name = CDVStatusBar.m; path = "cordova-plugin-statusbar/CDVStatusBar.m"; sourceTree = "<group>"; };
		1D6058910D05DD3D006BFB54 /* halle.app */ = {isa = PBXFileReference; explicitFileType = wrapper.application; includeInIndex = 0; path = halle.app; sourceTree = BUILT_PRODUCTS_DIR; };
		1F8C1699F26E4951930CB16F /* GAIDictionaryBuilder.h */ = {isa = PBXFileReference; explicitFileType = undefined; fileEncoding = 4; includeInIndex = 0; lastKnownFileType = sourcecode.c.h; name = GAIDictionaryBuilder.h; path = "cordova-plugin-google-analytics/GAIDictionaryBuilder.h"; sourceTree = "<group>"; };
		20EF9363977942CCA95A609F /* CDVPlugin+APPAppEvent.m */ = {isa = PBXFileReference; explicitFileType = undefined; fileEncoding = 4; includeInIndex = 0; lastKnownFileType = sourcecode.c.objc; name = "CDVPlugin+APPAppEvent.m"; path = "cordova-plugin-app-event/CDVPlugin+APPAppEvent.m"; sourceTree = "<group>"; };
		245D179B029140F7800C9C57 /* GCMConfig.h */ = {isa = PBXFileReference; explicitFileType = undefined; fileEncoding = 4; includeInIndex = 0; lastKnownFileType = sourcecode.c.h; name = GCMConfig.h; path = "phonegap-plugin-push/GCM/Headers/GCMConfig.h"; sourceTree = "<group>"; };
		250CD2666EA14CC1BA5670A1 /* CDVDevice.h */ = {isa = PBXFileReference; explicitFileType = undefined; fileEncoding = 4; includeInIndex = 0; lastKnownFileType = sourcecode.c.h; name = CDVDevice.h; path = "cordova-plugin-device/CDVDevice.h"; sourceTree = "<group>"; };
		29B97316FDCFA39411CA2CEA /* main.m */ = {isa = PBXFileReference; fileEncoding = 4; lastKnownFileType = sourcecode.c.objc; path = main.m; sourceTree = "<group>"; };
		2B2CD47C30F84DBEAB132EAB /* libGGLInstanceIDLib.a */ = {isa = PBXFileReference; explicitFileType = undefined; fileEncoding = 9; includeInIndex = 0; lastKnownFileType = archive.ar; name = libGGLInstanceIDLib.a; path = "halle/Plugins/phonegap-plugin-push/GCM/Libraries/libGGLInstanceIDLib.a"; sourceTree = "<group>"; };
		2B3AC2D7D6CE4AA28C78EDFD /* Core.h */ = {isa = PBXFileReference; explicitFileType = undefined; fileEncoding = 4; includeInIndex = 0; lastKnownFileType = sourcecode.c.h; name = Core.h; path = "phonegap-plugin-push/GCM/Headers/Core.h"; sourceTree = "<group>"; };
		2B79E0245C274E799BC60E42 /* libGcmLib.a */ = {isa = PBXFileReference; explicitFileType = undefined; fileEncoding = 9; includeInIndex = 0; lastKnownFileType = archive.ar; name = libGcmLib.a; path = "halle/Plugins/phonegap-plugin-push/GCM/Libraries/libGcmLib.a"; sourceTree = "<group>"; };
		2ECE4112F631419B8A081E8D /* libGGLCore.a */ = {isa = PBXFileReference; explicitFileType = undefined; fileEncoding = 9; includeInIndex = 0; lastKnownFileType = archive.ar; name = libGGLCore.a; path = "halle/Plugins/phonegap-plugin-push/GCM/Libraries/libGGLCore.a"; sourceTree = "<group>"; };
		2ED13B980C0C4E33BC44E803 /* CDVJpegHeaderWriter.h */ = {isa = PBXFileReference; explicitFileType = undefined; fileEncoding = 4; includeInIndex = 0; lastKnownFileType = sourcecode.c.h; name = CDVJpegHeaderWriter.h; path = "cordova-plugin-camera/CDVJpegHeaderWriter.h"; sourceTree = "<group>"; };
		301BF52D109A57CC0062928A /* CordovaLib.xcodeproj */ = {isa = PBXFileReference; lastKnownFileType = "wrapper.pb-project"; name = CordovaLib.xcodeproj; path = CordovaLib/CordovaLib.xcodeproj; sourceTree = "<group>"; };
		301BF56E109A69640062928A /* www */ = {isa = PBXFileReference; lastKnownFileType = folder; path = www; sourceTree = SOURCE_ROOT; };
		302D95EE14D2391D003F00A1 /* MainViewController.h */ = {isa = PBXFileReference; fileEncoding = 4; lastKnownFileType = sourcecode.c.h; path = MainViewController.h; sourceTree = "<group>"; };
		302D95EF14D2391D003F00A1 /* MainViewController.m */ = {isa = PBXFileReference; fileEncoding = 4; lastKnownFileType = sourcecode.c.objc; path = MainViewController.m; sourceTree = "<group>"; };
		302D95F014D2391D003F00A1 /* MainViewController.xib */ = {isa = PBXFileReference; fileEncoding = 4; lastKnownFileType = file.xib; path = MainViewController.xib; sourceTree = "<group>"; };
		3047A50F1AB8059700498E2A /* build-debug.xcconfig */ = {isa = PBXFileReference; fileEncoding = 4; lastKnownFileType = text.xcconfig; name = "build-debug.xcconfig"; path = "cordova/build-debug.xcconfig"; sourceTree = SOURCE_ROOT; };
		3047A5101AB8059700498E2A /* build-release.xcconfig */ = {isa = PBXFileReference; fileEncoding = 4; lastKnownFileType = text.xcconfig; name = "build-release.xcconfig"; path = "cordova/build-release.xcconfig"; sourceTree = SOURCE_ROOT; };
		3047A5111AB8059700498E2A /* build.xcconfig */ = {isa = PBXFileReference; fileEncoding = 4; lastKnownFileType = text.xcconfig; name = build.xcconfig; path = cordova/build.xcconfig; sourceTree = SOURCE_ROOT; };
		30ACAAA73D664FC4B6E5B82A /* AppDelegate+APPAppEvent.m */ = {isa = PBXFileReference; explicitFileType = undefined; fileEncoding = 4; includeInIndex = 0; lastKnownFileType = sourcecode.c.objc; name = "AppDelegate+APPAppEvent.m"; path = "cordova-plugin-app-event/AppDelegate+APPAppEvent.m"; sourceTree = "<group>"; };
		3141F8D49AF24206B36AE94F /* libGTM_NSStringHTML.a */ = {isa = PBXFileReference; explicitFileType = undefined; fileEncoding = 9; includeInIndex = 0; lastKnownFileType = archive.ar; name = libGTM_NSStringHTML.a; path = "halle/Plugins/phonegap-plugin-push/GCM/Libraries/libGTM_NSStringHTML.a"; sourceTree = "<group>"; };
		32CA4F630368D1EE00C91783 /* halle-Prefix.pch */ = {isa = PBXFileReference; fileEncoding = 4; lastKnownFileType = sourcecode.c.h; path = "halle-Prefix.pch"; sourceTree = "<group>"; };
		335A6E0A058942F5929F8EA2 /* libGTMStackTrace.a */ = {isa = PBXFileReference; explicitFileType = undefined; fileEncoding = 9; includeInIndex = 0; lastKnownFileType = archive.ar; name = libGTMStackTrace.a; path = "halle/Plugins/phonegap-plugin-push/GCM/Libraries/libGTMStackTrace.a"; sourceTree = "<group>"; };
		36FBA37D35504D4794C6DD37 /* GAIFields.h */ = {isa = PBXFileReference; explicitFileType = undefined; fileEncoding = 4; includeInIndex = 0; lastKnownFileType = sourcecode.c.h; name = GAIFields.h; path = "cordova-plugin-google-analytics/GAIFields.h"; sourceTree = "<group>"; };
		382288A17B5C4D47A97ACC73 /* SystemConfiguration.framework */ = {isa = PBXFileReference; explicitFileType = undefined; fileEncoding = 9; includeInIndex = 0; lastKnownFileType = wrapper.framework; name = SystemConfiguration.framework; path = System/Library/Frameworks/SystemConfiguration.framework; sourceTree = SDKROOT; };
		3BAD9488F3664C5BA3CDE94A /* CDVCamera.m */ = {isa = PBXFileReference; explicitFileType = undefined; fileEncoding = 4; includeInIndex = 0; lastKnownFileType = sourcecode.c.objc; name = CDVCamera.m; path = "cordova-plugin-camera/CDVCamera.m"; sourceTree = "<group>"; };
		3C249D90318A4298B7BF671A /* GGLInstanceIDHeaders.h */ = {isa = PBXFileReference; explicitFileType = undefined; fileEncoding = 4; includeInIndex = 0; lastKnownFileType = sourcecode.c.h; name = GGLInstanceIDHeaders.h; path = "phonegap-plugin-push/GCM/Headers/GGLInstanceIDHeaders.h"; sourceTree = "<group>"; };
		3DB6F1EF00D44545B5A71816 /* CDVAssetLibraryFilesystem.m */ = {isa = PBXFileReference; explicitFileType = undefined; fileEncoding = 4; includeInIndex = 0; lastKnownFileType = sourcecode.c.objc; name = CDVAssetLibraryFilesystem.m; path = "cordova-plugin-file/CDVAssetLibraryFilesystem.m"; sourceTree = "<group>"; };
		3F0ADC1D86BC43BD95E55676 /* CoreData.framework */ = {isa = PBXFileReference; explicitFileType = undefined; fileEncoding = 9; includeInIndex = 0; lastKnownFileType = wrapper.framework; name = CoreData.framework; path = System/Library/Frameworks/CoreData.framework; sourceTree = SDKROOT; };
		3FBF585E00414A0793E40D79 /* libGTM_AddressBook.a */ = {isa = PBXFileReference; explicitFileType = undefined; fileEncoding = 9; includeInIndex = 0; lastKnownFileType = archive.ar; name = libGTM_AddressBook.a; path = "halle/Plugins/phonegap-plugin-push/GCM/Libraries/libGTM_AddressBook.a"; sourceTree = "<group>"; };
		42418CD309E046E59EAFE865 /* CDVFile.m */ = {isa = PBXFileReference; explicitFileType = undefined; fileEncoding = 4; includeInIndex = 0; lastKnownFileType = sourcecode.c.objc; name = CDVFile.m; path = "cordova-plugin-file/CDVFile.m"; sourceTree = "<group>"; };
		475F2854D39B4FF3B4C72531 /* CDVContact.m */ = {isa = PBXFileReference; explicitFileType = undefined; fileEncoding = 4; includeInIndex = 0; lastKnownFileType = sourcecode.c.objc; name = CDVContact.m; path = "cordova-plugin-contacts/CDVContact.m"; sourceTree = "<group>"; };
		4B7CB95C10E64F1D949BF35A /* PushPlugin.h */ = {isa = PBXFileReference; explicitFileType = undefined; fileEncoding = 4; includeInIndex = 0; lastKnownFileType = sourcecode.c.h; name = PushPlugin.h; path = "phonegap-plugin-push/PushPlugin.h"; sourceTree = "<group>"; };
		4BE9A20A47F84595B78878D0 /* GGLErrorCode.h */ = {isa = PBXFileReference; explicitFileType = undefined; fileEncoding = 4; includeInIndex = 0; lastKnownFileType = sourcecode.c.h; name = GGLErrorCode.h; path = "phonegap-plugin-push/GCM/Headers/GGLErrorCode.h"; sourceTree = "<group>"; };
		50821E7B12B343CA8058E754 /* UniversalAnalyticsPlugin.m */ = {isa = PBXFileReference; explicitFileType = undefined; fileEncoding = 4; includeInIndex = 0; lastKnownFileType = sourcecode.c.objc; name = UniversalAnalyticsPlugin.m; path = "cordova-plugin-google-analytics/UniversalAnalyticsPlugin.m"; sourceTree = "<group>"; };
		51C42110414647B7884900F0 /* CDVAssetLibraryFilesystem.h */ = {isa = PBXFileReference; explicitFileType = undefined; fileEncoding = 4; includeInIndex = 0; lastKnownFileType = sourcecode.c.h; name = CDVAssetLibraryFilesystem.h; path = "cordova-plugin-file/CDVAssetLibraryFilesystem.h"; sourceTree = "<group>"; };
		51E9F3165FF84D50A5771E7D /* GAIEcommerceFields.h */ = {isa = PBXFileReference; explicitFileType = undefined; fileEncoding = 4; includeInIndex = 0; lastKnownFileType = sourcecode.c.h; name = GAIEcommerceFields.h; path = "cordova-plugin-google-analytics/GAIEcommerceFields.h"; sourceTree = "<group>"; };
		5253BBCC3961418392697159 /* GGLInstanceID.h */ = {isa = PBXFileReference; explicitFileType = undefined; fileEncoding = 4; includeInIndex = 0; lastKnownFileType = sourcecode.c.h; name = GGLInstanceID.h; path = "phonegap-plugin-push/GCM/Headers/GGLInstanceID.h"; sourceTree = "<group>"; };
		53C1D901AC484AFB95F0DC30 /* libGTM_NSData+zlib.a */ = {isa = PBXFileReference; explicitFileType = undefined; fileEncoding = 9; includeInIndex = 0; lastKnownFileType = archive.ar; name = "libGTM_NSData+zlib.a"; path = "halle/Plugins/phonegap-plugin-push/GCM/Libraries/libGTM_NSData+zlib.a"; sourceTree = "<group>"; };
		559FE761EA304D0383AD3AA1 /* CoreLocation.framework */ = {isa = PBXFileReference; explicitFileType = undefined; fileEncoding = 9; includeInIndex = 0; lastKnownFileType = wrapper.framework; name = CoreLocation.framework; path = System/Library/Frameworks/CoreLocation.framework; sourceTree = SDKROOT; };
		5688119FE927496289B4388D /* CDVJpegHeaderWriter.m */ = {isa = PBXFileReference; explicitFileType = undefined; fileEncoding = 4; includeInIndex = 0; lastKnownFileType = sourcecode.c.objc; name = CDVJpegHeaderWriter.m; path = "cordova-plugin-camera/CDVJpegHeaderWriter.m"; sourceTree = "<group>"; };
		59F19725C99A4A9885927B17 /* CDVPlugin+APPAppEvent.h */ = {isa = PBXFileReference; explicitFileType = undefined; fileEncoding = 4; includeInIndex = 0; lastKnownFileType = sourcecode.c.h; name = "CDVPlugin+APPAppEvent.h"; path = "cordova-plugin-app-event/CDVPlugin+APPAppEvent.h"; sourceTree = "<group>"; };
		5F30F7352EEE4CD09D626378 /* UIApplication+APPBadge.h */ = {isa = PBXFileReference; explicitFileType = undefined; fileEncoding = 4; includeInIndex = 0; lastKnownFileType = sourcecode.c.h; name = "UIApplication+APPBadge.h"; path = "cordova-plugin-badge/UIApplication+APPBadge.h"; sourceTree = "<group>"; };
		60B3DB242B804F5FB1DF06E0 /* GCMService.h */ = {isa = PBXFileReference; explicitFileType = undefined; fileEncoding = 4; includeInIndex = 0; lastKnownFileType = sourcecode.c.h; name = GCMService.h; path = "phonegap-plugin-push/GCM/Headers/GCMService.h"; sourceTree = "<group>"; };
		62903A72BBFF4E98A2CCFC14 /* SocialSharing.m */ = {isa = PBXFileReference; explicitFileType = undefined; fileEncoding = 4; includeInIndex = 0; lastKnownFileType = sourcecode.c.objc; name = SocialSharing.m; path = "cordova-plugin-x-socialsharing/SocialSharing.m"; sourceTree = "<group>"; };
		6546374DC00A43AAAF8C6742 /* SocialSharing.h */ = {isa = PBXFileReference; explicitFileType = undefined; fileEncoding = 4; includeInIndex = 0; lastKnownFileType = sourcecode.c.h; name = SocialSharing.h; path = "cordova-plugin-x-socialsharing/SocialSharing.h"; sourceTree = "<group>"; };
		666AA38D41E04D0A9FF5BC2D /* APPBadge.h */ = {isa = PBXFileReference; explicitFileType = undefined; fileEncoding = 4; includeInIndex = 0; lastKnownFileType = sourcecode.c.h; name = APPBadge.h; path = "cordova-plugin-badge/APPBadge.h"; sourceTree = "<group>"; };
		67978F94611B457B8F45DC70 /* libGTM_core.a */ = {isa = PBXFileReference; explicitFileType = undefined; fileEncoding = 9; includeInIndex = 0; lastKnownFileType = archive.ar; name = libGTM_core.a; path = "halle/Plugins/phonegap-plugin-push/GCM/Libraries/libGTM_core.a"; sourceTree = "<group>"; };
		67FA8A1C796E464BA9794DF1 /* CDVContacts.m */ = {isa = PBXFileReference; explicitFileType = undefined; fileEncoding = 4; includeInIndex = 0; lastKnownFileType = sourcecode.c.objc; name = CDVContacts.m; path = "cordova-plugin-contacts/CDVContacts.m"; sourceTree = "<group>"; };
		6AE4DFCA9B544813A8D397DE /* libGoogleAnalyticsServices.a */ = {isa = PBXFileReference; explicitFileType = undefined; fileEncoding = 9; includeInIndex = 0; lastKnownFileType = archive.ar; name = libGoogleAnalyticsServices.a; path = "halle/Plugins/cordova-plugin-google-analytics/libGoogleAnalyticsServices.a"; sourceTree = "<group>"; };
		7555DCFEE53B4C0F9CF70593 /* GAIEcommercePromotion.h */ = {isa = PBXFileReference; explicitFileType = undefined; fileEncoding = 4; includeInIndex = 0; lastKnownFileType = sourcecode.c.h; name = GAIEcommercePromotion.h; path = "cordova-plugin-google-analytics/GAIEcommercePromotion.h"; sourceTree = "<group>"; };
		7699E9465F214160A82895F7 /* GAIEcommerceProductAction.h */ = {isa = PBXFileReference; explicitFileType = undefined; fileEncoding = 4; includeInIndex = 0; lastKnownFileType = sourcecode.c.h; name = GAIEcommerceProductAction.h; path = "cordova-plugin-google-analytics/GAIEcommerceProductAction.h"; sourceTree = "<group>"; };
		76EBE8BAC7BF41E9B2B41CFA /* libGTM_UIFont+LineHeight.a */ = {isa = PBXFileReference; explicitFileType = undefined; fileEncoding = 9; includeInIndex = 0; lastKnownFileType = archive.ar; name = "libGTM_UIFont+LineHeight.a"; path = "halle/Plugins/phonegap-plugin-push/GCM/Libraries/libGTM_UIFont+LineHeight.a"; sourceTree = "<group>"; };
		79C99FD79C3F48FAB1B80A6D /* IonicKeyboard.m */ = {isa = PBXFileReference; explicitFileType = undefined; fileEncoding = 4; includeInIndex = 0; lastKnownFileType = sourcecode.c.objc; name = IonicKeyboard.m; path = "ionic-plugin-keyboard/IonicKeyboard.m"; sourceTree = "<group>"; };
		7D060C78197549EDAAFA3B04 /* GAILogger.h */ = {isa = PBXFileReference; explicitFileType = undefined; fileEncoding = 4; includeInIndex = 0; lastKnownFileType = sourcecode.c.h; name = GAILogger.h; path = "cordova-plugin-google-analytics/GAILogger.h"; sourceTree = "<group>"; };
		7D2FF115CC804733BB412FD8 /* libGTMSessionFetcher_core.a */ = {isa = PBXFileReference; explicitFileType = undefined; fileEncoding = 9; includeInIndex = 0; lastKnownFileType = archive.ar; name = libGTMSessionFetcher_core.a; path = "halle/Plugins/phonegap-plugin-push/GCM/Libraries/libGTMSessionFetcher_core.a"; sourceTree = "<group>"; };
		7DAF789CCF4D497EBB2FD055 /* GGLInstanceIDConfig.h */ = {isa = PBXFileReference; explicitFileType = undefined; fileEncoding = 4; includeInIndex = 0; lastKnownFileType = sourcecode.c.h; name = GGLInstanceIDConfig.h; path = "phonegap-plugin-push/GCM/Headers/GGLInstanceIDConfig.h"; sourceTree = "<group>"; };
		7E0352D1FB444CE0BDBB6DCB /* libGTM_DebugUtils.a */ = {isa = PBXFileReference; explicitFileType = undefined; fileEncoding = 9; includeInIndex = 0; lastKnownFileType = archive.ar; name = libGTM_DebugUtils.a; path = "halle/Plugins/phonegap-plugin-push/GCM/Libraries/libGTM_DebugUtils.a"; sourceTree = "<group>"; };
		7E0758A154E74727AE130D2A /* AppDelegate+notification.m */ = {isa = PBXFileReference; explicitFileType = undefined; fileEncoding = 4; includeInIndex = 0; lastKnownFileType = sourcecode.c.objc; name = "AppDelegate+notification.m"; path = "phonegap-plugin-push/AppDelegate+notification.m"; sourceTree = "<group>"; };
		7EB76AF782B044E3B57AB5E5 /* CDVLocalFilesystem.h */ = {isa = PBXFileReference; explicitFileType = undefined; fileEncoding = 4; includeInIndex = 0; lastKnownFileType = sourcecode.c.h; name = CDVLocalFilesystem.h; path = "cordova-plugin-file/CDVLocalFilesystem.h"; sourceTree = "<group>"; };
		7FC81EBF2D3A4D77AA3DE78B /* libGGLCloudMessaging.a */ = {isa = PBXFileReference; explicitFileType = undefined; fileEncoding = 9; includeInIndex = 0; lastKnownFileType = archive.ar; name = libGGLCloudMessaging.a; path = "halle/Plugins/phonegap-plugin-push/GCM/Libraries/libGGLCloudMessaging.a"; sourceTree = "<group>"; };
		84B32C5360D24597BD3D23C3 /* AdSupport.framework */ = {isa = PBXFileReference; explicitFileType = undefined; fileEncoding = 9; includeInIndex = 0; lastKnownFileType = wrapper.framework; name = AdSupport.framework; path = System/Library/Frameworks/AdSupport.framework; sourceTree = SDKROOT; };
		854657CCEAD0468EB184340B /* AppDelegate+notification.h */ = {isa = PBXFileReference; explicitFileType = undefined; fileEncoding = 4; includeInIndex = 0; lastKnownFileType = sourcecode.c.h; name = "AppDelegate+notification.h"; path = "phonegap-plugin-push/AppDelegate+notification.h"; sourceTree = "<group>"; };
		8869B63743064A788D86203A /* AVFoundation.framework */ = {isa = PBXFileReference; explicitFileType = undefined; fileEncoding = 9; includeInIndex = 0; lastKnownFileType = wrapper.framework; name = AVFoundation.framework; path = System/Library/Frameworks/AVFoundation.framework; sourceTree = SDKROOT; };
		8D1107310486CEB800E47090 /* halle-Info.plist */ = {isa = PBXFileReference; fileEncoding = 4; lastKnownFileType = text.plist.xml; name = "halle-Info.plist"; path = "halle/halle-Info.plist"; plistStructureDefinitionIdentifier = "com.apple.xcode.plist.structure-definition.iphone.info-plist"; sourceTree = SOURCE_ROOT; };
		8DE13D7FB81343C0A0280785 /* CDVContacts.h */ = {isa = PBXFileReference; explicitFileType = undefined; fileEncoding = 4; includeInIndex = 0; lastKnownFileType = sourcecode.c.h; name = CDVContacts.h; path = "cordova-plugin-contacts/CDVContacts.h"; sourceTree = "<group>"; };
		8F55973A1AB24FC5B66E665E /* APPAppEventDelegate.h */ = {isa = PBXFileReference; explicitFileType = undefined; fileEncoding = 4; includeInIndex = 0; lastKnownFileType = sourcecode.c.h; name = APPAppEventDelegate.h; path = "cordova-plugin-app-event/APPAppEventDelegate.h"; sourceTree = "<group>"; };
		9221036326FE412189FC9E57 /* AppDelegate+APPAppEvent.h */ = {isa = PBXFileReference; explicitFileType = undefined; fileEncoding = 4; includeInIndex = 0; lastKnownFileType = sourcecode.c.h; name = "AppDelegate+APPAppEvent.h"; path = "cordova-plugin-app-event/AppDelegate+APPAppEvent.h"; sourceTree = "<group>"; };
		92572F4BA6544C1A9A6A3C9F /* libGTM_NSScannerJSON.a */ = {isa = PBXFileReference; explicitFileType = undefined; fileEncoding = 9; includeInIndex = 0; lastKnownFileType = archive.ar; name = libGTM_NSScannerJSON.a; path = "halle/Plugins/phonegap-plugin-push/GCM/Libraries/libGTM_NSScannerJSON.a"; sourceTree = "<group>"; };
		9558B84ECBF54C70ADAB32A3 /* CDVLocalFilesystem.m */ = {isa = PBXFileReference; explicitFileType = undefined; fileEncoding = 4; includeInIndex = 0; lastKnownFileType = sourcecode.c.objc; name = CDVLocalFilesystem.m; path = "cordova-plugin-file/CDVLocalFilesystem.m"; sourceTree = "<group>"; };
		971FD4282283492D8A902939 /* libGSDK_Overload.a */ = {isa = PBXFileReference; explicitFileType = undefined; fileEncoding = 9; includeInIndex = 0; lastKnownFileType = archive.ar; name = libGSDK_Overload.a; path = "halle/Plugins/phonegap-plugin-push/GCM/Libraries/libGSDK_Overload.a"; sourceTree = "<group>"; };
		990D53EFB9A0463595077AB1 /* libGTMSessionFetcher_full.a */ = {isa = PBXFileReference; explicitFileType = undefined; fileEncoding = 9; includeInIndex = 0; lastKnownFileType = archive.ar; name = libGTMSessionFetcher_full.a; path = "halle/Plugins/phonegap-plugin-push/GCM/Libraries/libGTMSessionFetcher_full.a"; sourceTree = "<group>"; };
		992F58F7C39949C689B4B83F /* APPBadge.m */ = {isa = PBXFileReference; explicitFileType = undefined; fileEncoding = 4; includeInIndex = 0; lastKnownFileType = sourcecode.c.objc; name = APPBadge.m; path = "cordova-plugin-badge/APPBadge.m"; sourceTree = "<group>"; };
		9A1C805FE0EE4CC38D29F03D /* NSString+URLEncoding.h */ = {isa = PBXFileReference; explicitFileType = undefined; fileEncoding = 4; includeInIndex = 0; lastKnownFileType = sourcecode.c.h; name = "NSString+URLEncoding.h"; path = "cordova-plugin-x-socialsharing/NSString+URLEncoding.h"; sourceTree = "<group>"; };
		9A3600086E984785A5A8697E /* libAdIdAccess.a */ = {isa = PBXFileReference; explicitFileType = undefined; fileEncoding = 9; includeInIndex = 0; lastKnownFileType = archive.ar; name = libAdIdAccess.a; path = "halle/Plugins/cordova-plugin-google-analytics/libAdIdAccess.a"; sourceTree = "<group>"; };
		A12DF95E674D4770ACB150F0 /* libGTM_NSDictionary+URLArguments.a */ = {isa = PBXFileReference; explicitFileType = undefined; fileEncoding = 9; includeInIndex = 0; lastKnownFileType = archive.ar; name = "libGTM_NSDictionary+URLArguments.a"; path = "halle/Plugins/phonegap-plugin-push/GCM/Libraries/libGTM_NSDictionary+URLArguments.a"; sourceTree = "<group>"; };
		A13B57E30DD94A87B07EEB3A /* libGTM_StringEncoding.a */ = {isa = PBXFileReference; explicitFileType = undefined; fileEncoding = 9; includeInIndex = 0; lastKnownFileType = archive.ar; name = libGTM_StringEncoding.a; path = "halle/Plugins/phonegap-plugin-push/GCM/Libraries/libGTM_StringEncoding.a"; sourceTree = "<group>"; };
		A4DBC0C7033B48E58335A698 /* PushPlugin.m */ = {isa = PBXFileReference; explicitFileType = undefined; fileEncoding = 4; includeInIndex = 0; lastKnownFileType = sourcecode.c.objc; name = PushPlugin.m; path = "phonegap-plugin-push/PushPlugin.m"; sourceTree = "<group>"; };
		A4E75FDD96ED4463BC80C62B /* GAIEcommerceProduct.h */ = {isa = PBXFileReference; explicitFileType = undefined; fileEncoding = 4; includeInIndex = 0; lastKnownFileType = sourcecode.c.h; name = GAIEcommerceProduct.h; path = "cordova-plugin-google-analytics/GAIEcommerceProduct.h"; sourceTree = "<group>"; };
		A6000B15CB32405D983211B4 /* CDVFile.h */ = {isa = PBXFileReference; explicitFileType = undefined; fileEncoding = 4; includeInIndex = 0; lastKnownFileType = sourcecode.c.h; name = CDVFile.h; path = "cordova-plugin-file/CDVFile.h"; sourceTree = "<group>"; };
		A6332B60ABF64433AD312D79 /* UIApplication+APPBadge.m */ = {isa = PBXFileReference; explicitFileType = undefined; fileEncoding = 4; includeInIndex = 0; lastKnownFileType = sourcecode.c.objc; name = "UIApplication+APPBadge.m"; path = "cordova-plugin-badge/UIApplication+APPBadge.m"; sourceTree = "<group>"; };
		AD457C5D19FF429A9A19D07C /* AddressBookUI.framework */ = {isa = PBXFileReference; explicitFileType = undefined; fileEncoding = 9; includeInIndex = 0; lastKnownFileType = wrapper.framework; name = AddressBookUI.framework; path = System/Library/Frameworks/AddressBookUI.framework; sourceTree = SDKROOT; };
		AEDB72CAD13241D4822AD3B6 /* GGLContext.h */ = {isa = PBXFileReference; explicitFileType = undefined; fileEncoding = 4; includeInIndex = 0; lastKnownFileType = sourcecode.c.h; name = GGLContext.h; path = "phonegap-plugin-push/GCM/Headers/GGLContext.h"; sourceTree = "<group>"; };
		AF12CF1FA3B1478185B8E76E /* CDVExif.h */ = {isa = PBXFileReference; explicitFileType = undefined; fileEncoding = 4; includeInIndex = 0; lastKnownFileType = sourcecode.c.h; name = CDVExif.h; path = "cordova-plugin-camera/CDVExif.h"; sourceTree = "<group>"; };
		B598778F58014E2680B22A55 /* libz.dylib */ = {isa = PBXFileReference; explicitFileType = undefined; fileEncoding = 9; includeInIndex = 0; lastKnownFileType = "compiled.mach-o.dylib"; name = libz.dylib; path = usr/lib/libz.dylib; sourceTree = SDKROOT; };
		B8B6E9599E444AAEA49740EC /* UIImage+CropScaleOrientation.m */ = {isa = PBXFileReference; explicitFileType = undefined; fileEncoding = 4; includeInIndex = 0; lastKnownFileType = sourcecode.c.objc; name = "UIImage+CropScaleOrientation.m"; path = "cordova-plugin-camera/UIImage+CropScaleOrientation.m"; sourceTree = "<group>"; };
		BA932D1BE43B4B16A079D4EE /* libz.tbd */ = {isa = PBXFileReference; explicitFileType = undefined; fileEncoding = 9; includeInIndex = 0; lastKnownFileType = unknown; path = libz.tbd; sourceTree = "<group>"; };
		BB6F35C024504377A307DBFD /* CDVFileTransfer.m */ = {isa = PBXFileReference; explicitFileType = undefined; fileEncoding = 4; includeInIndex = 0; lastKnownFileType = sourcecode.c.objc; name = CDVFileTransfer.m; path = "cordova-plugin-file-transfer/CDVFileTransfer.m"; sourceTree = "<group>"; };
		BE8B8F19DCFB46E292965731 /* GGLInstanceIDDelegate.h */ = {isa = PBXFileReference; explicitFileType = undefined; fileEncoding = 4; includeInIndex = 0; lastKnownFileType = sourcecode.c.h; name = GGLInstanceIDDelegate.h; path = "phonegap-plugin-push/GCM/Headers/GGLInstanceIDDelegate.h"; sourceTree = "<group>"; };
		BEA7CB94174946FE8F65FCD0 /* libGTM_GTMURLBuilder.a */ = {isa = PBXFileReference; explicitFileType = undefined; fileEncoding = 9; includeInIndex = 0; lastKnownFileType = archive.ar; name = libGTM_GTMURLBuilder.a; path = "halle/Plugins/phonegap-plugin-push/GCM/Libraries/libGTM_GTMURLBuilder.a"; sourceTree = "<group>"; };
		C33EB59D503C49B581CD3F5D /* CloudMessaging.h */ = {isa = PBXFileReference; explicitFileType = undefined; fileEncoding = 4; includeInIndex = 0; lastKnownFileType = sourcecode.c.h; name = CloudMessaging.h; path = "phonegap-plugin-push/GCM/Headers/CloudMessaging.h"; sourceTree = "<group>"; };
		C57F88D78B584968BE277A86 /* libGTM_Regex.a */ = {isa = PBXFileReference; explicitFileType = undefined; fileEncoding = 9; includeInIndex = 0; lastKnownFileType = archive.ar; name = libGTM_Regex.a; path = "halle/Plugins/phonegap-plugin-push/GCM/Libraries/libGTM_Regex.a"; sourceTree = "<group>"; };
		C885A65262C94137A5A5D24B /* libProtocolBuffers.a */ = {isa = PBXFileReference; explicitFileType = undefined; fileEncoding = 9; includeInIndex = 0; lastKnownFileType = archive.ar; name = libProtocolBuffers.a; path = "halle/Plugins/phonegap-plugin-push/GCM/Libraries/libProtocolBuffers.a"; sourceTree = "<group>"; };
		D03DFA72BE934305A68E5902 /* AddressBook.framework */ = {isa = PBXFileReference; explicitFileType = undefined; fileEncoding = 9; includeInIndex = 0; lastKnownFileType = wrapper.framework; name = AddressBook.framework; path = System/Library/Frameworks/AddressBook.framework; sourceTree = SDKROOT; };
		D11DEE8B937648F3B21EBB80 /* libsqlite3.dylib */ = {isa = PBXFileReference; explicitFileType = undefined; fileEncoding = 9; includeInIndex = 0; lastKnownFileType = "compiled.mach-o.dylib"; name = libsqlite3.dylib; path = usr/lib/libsqlite3.dylib; sourceTree = SDKROOT; };
		D1F6E139605F434899E7785A /* MessageUI.framework */ = {isa = PBXFileReference; explicitFileType = undefined; fileEncoding = 9; includeInIndex = 0; lastKnownFileType = wrapper.framework; name = MessageUI.framework; path = System/Library/Frameworks/MessageUI.framework; sourceTree = SDKROOT; };
		D4DB33F03A0B4E3EA717358C /* libGTM_NSStringXML.a */ = {isa = PBXFileReference; explicitFileType = undefined; fileEncoding = 9; includeInIndex = 0; lastKnownFileType = archive.ar; name = libGTM_NSStringXML.a; path = "halle/Plugins/phonegap-plugin-push/GCM/Libraries/libGTM_NSStringXML.a"; sourceTree = "<group>"; };
		D4EFF92015AD4472B9AAE688 /* CDVDevice.m */ = {isa = PBXFileReference; explicitFileType = undefined; fileEncoding = 4; includeInIndex = 0; lastKnownFileType = sourcecode.c.objc; name = CDVDevice.m; path = "cordova-plugin-device/CDVDevice.m"; sourceTree = "<group>"; };
		D7E49209C5B643359319597D /* GGLConfiguration.h */ = {isa = PBXFileReference; explicitFileType = undefined; fileEncoding = 4; includeInIndex = 0; lastKnownFileType = sourcecode.c.h; name = GGLConfiguration.h; path = "phonegap-plugin-push/GCM/Headers/GGLConfiguration.h"; sourceTree = "<group>"; };
		D9C660AC80114454B670D509 /* CDVContact.h */ = {isa = PBXFileReference; explicitFileType = undefined; fileEncoding = 4; includeInIndex = 0; lastKnownFileType = sourcecode.c.h; name = CDVContact.h; path = "cordova-plugin-contacts/CDVContact.h"; sourceTree = "<group>"; };
		DF08549799CC45BB867C97FE /* GAITrackedViewController.h */ = {isa = PBXFileReference; explicitFileType = undefined; fileEncoding = 4; includeInIndex = 0; lastKnownFileType = sourcecode.c.h; name = GAITrackedViewController.h; path = "cordova-plugin-google-analytics/GAITrackedViewController.h"; sourceTree = "<group>"; };
		E52B35FBAE8444E8B9AE7C19 /* libGIP_Reachability.a */ = {isa = PBXFileReference; explicitFileType = undefined; fileEncoding = 9; includeInIndex = 0; lastKnownFileType = archive.ar; name = libGIP_Reachability.a; path = "halle/Plugins/phonegap-plugin-push/GCM/Libraries/libGIP_Reachability.a"; sourceTree = "<group>"; };
		E583EEA93FF2483FA8792D90 /* GCMReceiverDelegate.h */ = {isa = PBXFileReference; explicitFileType = undefined; fileEncoding = 4; includeInIndex = 0; lastKnownFileType = sourcecode.c.h; name = GCMReceiverDelegate.h; path = "phonegap-plugin-push/GCM/Headers/GCMReceiverDelegate.h"; sourceTree = "<group>"; };
		E884547FB0DF4EF29B6D55AC /* libGTM_KVO.a */ = {isa = PBXFileReference; explicitFileType = undefined; fileEncoding = 9; includeInIndex = 0; lastKnownFileType = archive.ar; name = libGTM_KVO.a; path = "halle/Plugins/phonegap-plugin-push/GCM/Libraries/libGTM_KVO.a"; sourceTree = "<group>"; };
		E8CA68A769014249A90ABB52 /* Social.framework */ = {isa = PBXFileReference; explicitFileType = undefined; fileEncoding = 9; includeInIndex = 0; lastKnownFileType = wrapper.framework; name = Social.framework; path = System/Library/Frameworks/Social.framework; sourceTree = SDKROOT; };
		EB87FDF31871DA8E0020F90C /* www */ = {isa = PBXFileReference; lastKnownFileType = folder; name = www; path = ../../www; sourceTree = "<group>"; };
		EB87FDF41871DAF40020F90C /* config.xml */ = {isa = PBXFileReference; lastKnownFileType = text.xml; name = config.xml; path = ../../config.xml; sourceTree = "<group>"; };
		EBC991B95DFF462C8340F16E /* GCMPubSub.h */ = {isa = PBXFileReference; explicitFileType = undefined; fileEncoding = 4; includeInIndex = 0; lastKnownFileType = sourcecode.c.h; name = GCMPubSub.h; path = "phonegap-plugin-push/GCM/Headers/GCMPubSub.h"; sourceTree = "<group>"; };
		EC9883C5C0B84511A110AEC2 /* NSString+URLEncoding.m */ = {isa = PBXFileReference; explicitFileType = undefined; fileEncoding = 4; includeInIndex = 0; lastKnownFileType = sourcecode.c.objc; name = "NSString+URLEncoding.m"; path = "cordova-plugin-x-socialsharing/NSString+URLEncoding.m"; sourceTree = "<group>"; };
		ED33DF2A687741AEAF9F8254 /* Bridging-Header.h */ = {isa = PBXFileReference; fileEncoding = 4; lastKnownFileType = sourcecode.c.h; path = "Bridging-Header.h"; sourceTree = "<group>"; };
		EE194B47628D49A3AD306871 /* GGLContext+CloudMessaging.h */ = {isa = PBXFileReference; explicitFileType = undefined; fileEncoding = 4; includeInIndex = 0; lastKnownFileType = sourcecode.c.h; name = "GGLContext+CloudMessaging.h"; path = "phonegap-plugin-push/GCM/Headers/GGLContext+CloudMessaging.h"; sourceTree = "<group>"; };
		EEDA73DA8BFB4E22BCBFBF05 /* UniversalAnalyticsPlugin.h */ = {isa = PBXFileReference; explicitFileType = undefined; fileEncoding = 4; includeInIndex = 0; lastKnownFileType = sourcecode.c.h; name = UniversalAnalyticsPlugin.h; path = "cordova-plugin-google-analytics/UniversalAnalyticsPlugin.h"; sourceTree = "<group>"; };
		F1FFD097C90B45C1B720587C /* libGTM_RoundedRectPath.a */ = {isa = PBXFileReference; explicitFileType = undefined; fileEncoding = 9; includeInIndex = 0; lastKnownFileType = archive.ar; name = libGTM_RoundedRectPath.a; path = "halle/Plugins/phonegap-plugin-push/GCM/Libraries/libGTM_RoundedRectPath.a"; sourceTree = "<group>"; };
		F65690B024D846698635ACAB /* CDVFileTransfer.h */ = {isa = PBXFileReference; explicitFileType = undefined; fileEncoding = 4; includeInIndex = 0; lastKnownFileType = sourcecode.c.h; name = CDVFileTransfer.h; path = "cordova-plugin-file-transfer/CDVFileTransfer.h"; sourceTree = "<group>"; };
		F840E1F0165FE0F500CFE078 /* config.xml */ = {isa = PBXFileReference; lastKnownFileType = text.xml; name = config.xml; path = halle/config.xml; sourceTree = "<group>"; };
/* End PBXFileReference section */

/* Begin PBXFrameworksBuildPhase section */
		1D60588F0D05DD3D006BFB54 /* Frameworks */ = {
			isa = PBXFrameworksBuildPhase;
			buildActionMask = 2147483647;
			files = (
				301BF552109A68D80062928A /* libCordova.a in Frameworks */,
				08B8D3A2F68C4B26A1BD5E31 /* ImageIO.framework in Frameworks */,
				72E3962E709D4BBC8AA529FE /* CoreLocation.framework in Frameworks */,
				EC80C7F76AEA45ACA65E7EA2 /* AVFoundation.framework in Frameworks */,
				FB1E9066D7764E10A62D9E69 /* AddressBook.framework in Frameworks */,
				CE322749C63F4AF682C069EE /* AddressBookUI.framework in Frameworks */,
				BC3052BD56CE46BEAE249191 /* libGoogleAnalyticsServices.a in Frameworks */,
				DB8A0AD508304E0A8710D72A /* libAdIdAccess.a in Frameworks */,
				9B9F9D776C4B47969895BC22 /* SystemConfiguration.framework in Frameworks */,
				7AE0F4770AA14B16BD1981A1 /* CoreData.framework in Frameworks */,
				BC1B9AF608CE46F4AE76A2C5 /* AdSupport.framework in Frameworks */,
				C0741A99886A48758BFC9C4C /* libz.dylib in Frameworks */,
				27DA282C282648EF8B43A269 /* libsqlite3.dylib in Frameworks */,
				8EA453E177A647279B97239F /* Social.framework in Frameworks */,
				2FC29D1ED75B40F4A1457997 /* MessageUI.framework in Frameworks */,
				AFEEC720C5074D2C80C6E753 /* libGGLCloudMessaging.a in Frameworks */,
				88781B0348AB46E0A46F5AED /* libGGLCore.a in Frameworks */,
				B3A596DB5F4F41B79EFA5F2B /* libGGLInstanceIDLib.a in Frameworks */,
				EC6EB24DE3D74D3FB6DDA06A /* libGIP_Reachability.a in Frameworks */,
				5FCE7380507B462386E1BC3D /* libGSDK_Overload.a in Frameworks */,
				BA70913D723C448C9249C5D6 /* libGTMSessionFetcher_core.a in Frameworks */,
				C9CBF79AD08A4B52BBE6256C /* libGTMSessionFetcher_full.a in Frameworks */,
				82640D7C91754AC5BF1D466B /* libGTMStackTrace.a in Frameworks */,
				69C768FC354548CCA8286DFA /* libGTM_AddressBook.a in Frameworks */,
				67CEE8BBBF0B421EAC8864F8 /* libGTM_DebugUtils.a in Frameworks */,
				1B714CE01487480BB463E3DB /* libGTM_GTMURLBuilder.a in Frameworks */,
				118B1DECE0B947648CF32FFA /* libGTM_KVO.a in Frameworks */,
				03E956A28A044A26AD612DB9 /* libGTM_NSData+zlib.a in Frameworks */,
				3701C0CDC4484856AA493C5F /* libGTM_NSDictionary+URLArguments.a in Frameworks */,
				43E34459AA7748A7BEB28EAC /* libGTM_NSScannerJSON.a in Frameworks */,
				AD0DF3874B194FC5A2521FE5 /* libGTM_NSStringHTML.a in Frameworks */,
				F24BA0EEE95747E48E5EDDA6 /* libGTM_NSStringXML.a in Frameworks */,
				E6F19D39F1094AABB8C1E3B5 /* libGTM_Regex.a in Frameworks */,
				1E7CE917F97046B6B11CB7B5 /* libGTM_RoundedRectPath.a in Frameworks */,
				C3050930F4344C7D979ADDC5 /* libGTM_StringEncoding.a in Frameworks */,
				FB0733FA09E049FA84A933DE /* libGTM_SystemVersion.a in Frameworks */,
				604837E3D6684A2698C68991 /* libGTM_UIFont+LineHeight.a in Frameworks */,
				95658ADB803D48E088A31FDF /* libGTM_core.a in Frameworks */,
				F21AD4105B3E4BA6A7711A02 /* libGTM_iPhone.a in Frameworks */,
				A706E8D0A9D342C7BCFA24D7 /* libGcmLib.a in Frameworks */,
				1BC3CB727AA44213982439D8 /* libProtocolBuffers.a in Frameworks */,
				829D33202AC04E4BB689D082 /* libsqlite3.tbd in Frameworks */,
				D2F5AD8B34E649428E62F98F /* libz.tbd in Frameworks */,
			);
			runOnlyForDeploymentPostprocessing = 0;
		};
/* End PBXFrameworksBuildPhase section */

/* Begin PBXGroup section */
		080E96DDFE201D6D7F000001 /* Classes */ = {
			isa = PBXGroup;
			children = (
				302D95EE14D2391D003F00A1 /* MainViewController.h */,
				302D95EF14D2391D003F00A1 /* MainViewController.m */,
				302D95F014D2391D003F00A1 /* MainViewController.xib */,
				1D3623240D0F684500981E51 /* AppDelegate.h */,
				1D3623250D0F684500981E51 /* AppDelegate.m */,
			);
			name = Classes;
			path = halle/Classes;
			sourceTree = SOURCE_ROOT;
		};
		19C28FACFE9D520D11CA2CBB /* Products */ = {
			isa = PBXGroup;
			children = (
				1D6058910D05DD3D006BFB54 /* halle.app */,
			);
			name = Products;
			sourceTree = "<group>";
		};
		29B97314FDCFA39411CA2CEA /* CustomTemplate */ = {
			isa = PBXGroup;
			children = (
				EB87FDF41871DAF40020F90C /* config.xml */,
				EB87FDF31871DA8E0020F90C /* www */,
				EB87FDF11871DA420020F90C /* Staging */,
				301BF52D109A57CC0062928A /* CordovaLib.xcodeproj */,
				080E96DDFE201D6D7F000001 /* Classes */,
				307C750510C5A3420062BCA9 /* Plugins */,
				29B97315FDCFA39411CA2CEA /* Other Sources */,
				29B97317FDCFA39411CA2CEA /* Resources */,
				29B97323FDCFA39411CA2CEA /* Frameworks */,
				19C28FACFE9D520D11CA2CBB /* Products */,
			);
			name = CustomTemplate;
			sourceTree = "<group>";
		};
		29B97315FDCFA39411CA2CEA /* Other Sources */ = {
			isa = PBXGroup;
			children = (
				32CA4F630368D1EE00C91783 /* halle-Prefix.pch */,
				29B97316FDCFA39411CA2CEA /* main.m */,
				ED33DF2A687741AEAF9F8254 /* Bridging-Header.h */,
			);
			name = "Other Sources";
			path = halle;
			sourceTree = "<group>";
		};
		29B97317FDCFA39411CA2CEA /* Resources */ = {
			isa = PBXGroup;
			children = (
				0207DA571B56EA530066E2B4 /* Images.xcassets */,
				3047A50E1AB8057F00498E2A /* config */,
				8D1107310486CEB800E47090 /* halle-Info.plist */,
			);
			name = Resources;
			path = halle/Resources;
			sourceTree = "<group>";
		};
		29B97323FDCFA39411CA2CEA /* Frameworks */ = {
			isa = PBXGroup;
			children = (
				0280277A89D74993A62C477A /* ImageIO.framework */,
				559FE761EA304D0383AD3AA1 /* CoreLocation.framework */,
				8869B63743064A788D86203A /* AVFoundation.framework */,
				D03DFA72BE934305A68E5902 /* AddressBook.framework */,
				AD457C5D19FF429A9A19D07C /* AddressBookUI.framework */,
				6AE4DFCA9B544813A8D397DE /* libGoogleAnalyticsServices.a */,
				9A3600086E984785A5A8697E /* libAdIdAccess.a */,
				382288A17B5C4D47A97ACC73 /* SystemConfiguration.framework */,
				3F0ADC1D86BC43BD95E55676 /* CoreData.framework */,
				84B32C5360D24597BD3D23C3 /* AdSupport.framework */,
				B598778F58014E2680B22A55 /* libz.dylib */,
				D11DEE8B937648F3B21EBB80 /* libsqlite3.dylib */,
				E8CA68A769014249A90ABB52 /* Social.framework */,
				D1F6E139605F434899E7785A /* MessageUI.framework */,
				7FC81EBF2D3A4D77AA3DE78B /* libGGLCloudMessaging.a */,
				2ECE4112F631419B8A081E8D /* libGGLCore.a */,
				2B2CD47C30F84DBEAB132EAB /* libGGLInstanceIDLib.a */,
				E52B35FBAE8444E8B9AE7C19 /* libGIP_Reachability.a */,
				971FD4282283492D8A902939 /* libGSDK_Overload.a */,
				7D2FF115CC804733BB412FD8 /* libGTMSessionFetcher_core.a */,
				990D53EFB9A0463595077AB1 /* libGTMSessionFetcher_full.a */,
				335A6E0A058942F5929F8EA2 /* libGTMStackTrace.a */,
				3FBF585E00414A0793E40D79 /* libGTM_AddressBook.a */,
				7E0352D1FB444CE0BDBB6DCB /* libGTM_DebugUtils.a */,
				BEA7CB94174946FE8F65FCD0 /* libGTM_GTMURLBuilder.a */,
				E884547FB0DF4EF29B6D55AC /* libGTM_KVO.a */,
				53C1D901AC484AFB95F0DC30 /* libGTM_NSData+zlib.a */,
				A12DF95E674D4770ACB150F0 /* libGTM_NSDictionary+URLArguments.a */,
				92572F4BA6544C1A9A6A3C9F /* libGTM_NSScannerJSON.a */,
				3141F8D49AF24206B36AE94F /* libGTM_NSStringHTML.a */,
				D4DB33F03A0B4E3EA717358C /* libGTM_NSStringXML.a */,
				C57F88D78B584968BE277A86 /* libGTM_Regex.a */,
				F1FFD097C90B45C1B720587C /* libGTM_RoundedRectPath.a */,
				A13B57E30DD94A87B07EEB3A /* libGTM_StringEncoding.a */,
				06C4C0F45ACC49E1955DA9A5 /* libGTM_SystemVersion.a */,
				76EBE8BAC7BF41E9B2B41CFA /* libGTM_UIFont+LineHeight.a */,
				67978F94611B457B8F45DC70 /* libGTM_core.a */,
				00DB06680A59492E9A11B388 /* libGTM_iPhone.a */,
				2B79E0245C274E799BC60E42 /* libGcmLib.a */,
				C885A65262C94137A5A5D24B /* libProtocolBuffers.a */,
				1B183AFB723B4A9DA41F46F7 /* libsqlite3.tbd */,
				BA932D1BE43B4B16A079D4EE /* libz.tbd */,
			);
			name = Frameworks;
			sourceTree = "<group>";
		};
		301BF52E109A57CC0062928A /* Products */ = {
			isa = PBXGroup;
			children = (
				301BF535109A57CC0062928A /* libCordova.a */,
			);
			name = Products;
			sourceTree = "<group>";
		};
		3047A50E1AB8057F00498E2A /* config */ = {
			isa = PBXGroup;
			children = (
				3047A50F1AB8059700498E2A /* build-debug.xcconfig */,
				3047A5101AB8059700498E2A /* build-release.xcconfig */,
				3047A5111AB8059700498E2A /* build.xcconfig */,
			);
			name = config;
			sourceTree = "<group>";
		};
		307C750510C5A3420062BCA9 /* Plugins */ = {
			isa = PBXGroup;
			children = (
				30ACAAA73D664FC4B6E5B82A /* AppDelegate+APPAppEvent.m */,
				20EF9363977942CCA95A609F /* CDVPlugin+APPAppEvent.m */,
				9221036326FE412189FC9E57 /* AppDelegate+APPAppEvent.h */,
				59F19725C99A4A9885927B17 /* CDVPlugin+APPAppEvent.h */,
				8F55973A1AB24FC5B66E665E /* APPAppEventDelegate.h */,
				992F58F7C39949C689B4B83F /* APPBadge.m */,
				A6332B60ABF64433AD312D79 /* UIApplication+APPBadge.m */,
				666AA38D41E04D0A9FF5BC2D /* APPBadge.h */,
				5F30F7352EEE4CD09D626378 /* UIApplication+APPBadge.h */,
				B8B6E9599E444AAEA49740EC /* UIImage+CropScaleOrientation.m */,
				3BAD9488F3664C5BA3CDE94A /* CDVCamera.m */,
				5688119FE927496289B4388D /* CDVJpegHeaderWriter.m */,
				040332E21351451598839168 /* UIImage+CropScaleOrientation.h */,
				0BC4B20E10C84E33A947342D /* CDVCamera.h */,
				2ED13B980C0C4E33BC44E803 /* CDVJpegHeaderWriter.h */,
				AF12CF1FA3B1478185B8E76E /* CDVExif.h */,
				67FA8A1C796E464BA9794DF1 /* CDVContacts.m */,
				475F2854D39B4FF3B4C72531 /* CDVContact.m */,
				8DE13D7FB81343C0A0280785 /* CDVContacts.h */,
				D9C660AC80114454B670D509 /* CDVContact.h */,
				D4EFF92015AD4472B9AAE688 /* CDVDevice.m */,
				250CD2666EA14CC1BA5670A1 /* CDVDevice.h */,
				42418CD309E046E59EAFE865 /* CDVFile.m */,
				9558B84ECBF54C70ADAB32A3 /* CDVLocalFilesystem.m */,
				3DB6F1EF00D44545B5A71816 /* CDVAssetLibraryFilesystem.m */,
				A6000B15CB32405D983211B4 /* CDVFile.h */,
				7EB76AF782B044E3B57AB5E5 /* CDVLocalFilesystem.h */,
				51C42110414647B7884900F0 /* CDVAssetLibraryFilesystem.h */,
				BB6F35C024504377A307DBFD /* CDVFileTransfer.m */,
				F65690B024D846698635ACAB /* CDVFileTransfer.h */,
				50821E7B12B343CA8058E754 /* UniversalAnalyticsPlugin.m */,
				EEDA73DA8BFB4E22BCBFBF05 /* UniversalAnalyticsPlugin.h */,
				1F8C1699F26E4951930CB16F /* GAIDictionaryBuilder.h */,
				36FBA37D35504D4794C6DD37 /* GAIFields.h */,
				7D060C78197549EDAAFA3B04 /* GAILogger.h */,
				DF08549799CC45BB867C97FE /* GAITrackedViewController.h */,
				116F326320B24954B8873143 /* GAI.h */,
				13593D1CE3A8487FB68A658F /* GAITracker.h */,
				51E9F3165FF84D50A5771E7D /* GAIEcommerceFields.h */,
				A4E75FDD96ED4463BC80C62B /* GAIEcommerceProduct.h */,
				7699E9465F214160A82895F7 /* GAIEcommerceProductAction.h */,
				7555DCFEE53B4C0F9CF70593 /* GAIEcommercePromotion.h */,
				1D56C34692CC4C6DA3AFFAC5 /* CDVStatusBar.m */,
				0C0BF14BA5294CAEA92BF848 /* CDVStatusBar.h */,
				EC9883C5C0B84511A110AEC2 /* NSString+URLEncoding.m */,
				62903A72BBFF4E98A2CCFC14 /* SocialSharing.m */,
				9A1C805FE0EE4CC38D29F03D /* NSString+URLEncoding.h */,
				6546374DC00A43AAAF8C6742 /* SocialSharing.h */,
				79C99FD79C3F48FAB1B80A6D /* IonicKeyboard.m */,
				068E2AD2A81B45719154CC6D /* IonicKeyboard.h */,
				7E0758A154E74727AE130D2A /* AppDelegate+notification.m */,
				A4DBC0C7033B48E58335A698 /* PushPlugin.m */,
				854657CCEAD0468EB184340B /* AppDelegate+notification.h */,
				4B7CB95C10E64F1D949BF35A /* PushPlugin.h */,
				5253BBCC3961418392697159 /* GGLInstanceID.h */,
				7DAF789CCF4D497EBB2FD055 /* GGLInstanceIDConfig.h */,
				BE8B8F19DCFB46E292965731 /* GGLInstanceIDDelegate.h */,
				3C249D90318A4298B7BF671A /* GGLInstanceIDHeaders.h */,
				C33EB59D503C49B581CD3F5D /* CloudMessaging.h */,
				EE194B47628D49A3AD306871 /* GGLContext+CloudMessaging.h */,
				2B3AC2D7D6CE4AA28C78EDFD /* Core.h */,
				D7E49209C5B643359319597D /* GGLConfiguration.h */,
				AEDB72CAD13241D4822AD3B6 /* GGLContext.h */,
				4BE9A20A47F84595B78878D0 /* GGLErrorCode.h */,
				245D179B029140F7800C9C57 /* GCMConfig.h */,
				EBC991B95DFF462C8340F16E /* GCMPubSub.h */,
				E583EEA93FF2483FA8792D90 /* GCMReceiverDelegate.h */,
				60B3DB242B804F5FB1DF06E0 /* GCMService.h */,
				045627A4087A4AE39ADDF402 /* GoogleCloudMessaging.h */,
			);
			name = Plugins;
			path = halle/Plugins;
			sourceTree = SOURCE_ROOT;
		};
		EB87FDF11871DA420020F90C /* Staging */ = {
			isa = PBXGroup;
			children = (
				F840E1F0165FE0F500CFE078 /* config.xml */,
				301BF56E109A69640062928A /* www */,
			);
			name = Staging;
			sourceTree = "<group>";
		};
/* End PBXGroup section */

/* Begin PBXNativeTarget section */
		1D6058900D05DD3D006BFB54 /* halle */ = {
			isa = PBXNativeTarget;
			buildConfigurationList = 1D6058960D05DD3E006BFB54 /* Build configuration list for PBXNativeTarget "halle" */;
			buildPhases = (
				304B58A110DAC018002A0835 /* Copy www directory */,
				1D60588D0D05DD3D006BFB54 /* Resources */,
				1D60588E0D05DD3D006BFB54 /* Sources */,
				1D60588F0D05DD3D006BFB54 /* Frameworks */,
			);
			buildRules = (
			);
			dependencies = (
				301BF551109A68C00062928A /* PBXTargetDependency */,
			);
			name = halle;
			productName = halle;
			productReference = 1D6058910D05DD3D006BFB54 /* halle.app */;
			productType = "com.apple.product-type.application";
		};
/* End PBXNativeTarget section */

/* Begin PBXProject section */
		29B97313FDCFA39411CA2CEA /* Project object */ = {
			isa = PBXProject;
			attributes = {
				LastUpgradeCheck = 510;
				TargetAttributes = {
					1D6058900D05DD3D006BFB54 = {
						DevelopmentTeam = 5X7WK539A2;
						SystemCapabilities = {
							com.apple.Push = {
								enabled = 1;
							};
						};
					};
				};
			};
			buildConfigurationList = C01FCF4E08A954540054247B /* Build configuration list for PBXProject "halle" */;
			compatibilityVersion = "Xcode 3.2";
			developmentRegion = English;
			hasScannedForEncodings = 1;
			knownRegions = (
				en,
			);
			mainGroup = 29B97314FDCFA39411CA2CEA /* CustomTemplate */;
			projectDirPath = "";
			projectReferences = (
				{
					ProductGroup = 301BF52E109A57CC0062928A /* Products */;
					ProjectRef = 301BF52D109A57CC0062928A /* CordovaLib.xcodeproj */;
				},
			);
			projectRoot = "";
			targets = (
				1D6058900D05DD3D006BFB54 /* halle */,
			);
		};
/* End PBXProject section */

/* Begin PBXReferenceProxy section */
		301BF535109A57CC0062928A /* libCordova.a */ = {
			isa = PBXReferenceProxy;
			fileType = archive.ar;
			path = libCordova.a;
			remoteRef = 301BF534109A57CC0062928A /* PBXContainerItemProxy */;
			sourceTree = BUILT_PRODUCTS_DIR;
		};
/* End PBXReferenceProxy section */

/* Begin PBXResourcesBuildPhase section */
		1D60588D0D05DD3D006BFB54 /* Resources */ = {
			isa = PBXResourcesBuildPhase;
			buildActionMask = 2147483647;
			files = (
				302D95F214D2391D003F00A1 /* MainViewController.xib in Resources */,
				3047A5131AB8059700498E2A /* build-release.xcconfig in Resources */,
				3047A5141AB8059700498E2A /* build.xcconfig in Resources */,
				0207DA581B56EA530066E2B4 /* Images.xcassets in Resources */,
				3047A5121AB8059700498E2A /* build-debug.xcconfig in Resources */,
			);
			runOnlyForDeploymentPostprocessing = 0;
		};
/* End PBXResourcesBuildPhase section */

/* Begin PBXShellScriptBuildPhase section */
		304B58A110DAC018002A0835 /* Copy www directory */ = {
			isa = PBXShellScriptBuildPhase;
			buildActionMask = 2147483647;
			files = (
			);
			inputPaths = (
			);
			name = "Copy www directory";
			outputPaths = (
			);
			runOnlyForDeploymentPostprocessing = 0;
			shellPath = /bin/sh;
			shellScript = "NODEJS_PATH=/usr/local/bin; NVM_NODE_PATH=~/.nvm/versions/node/`nvm version 2>/dev/null`/bin; N_NODE_PATH=`find /usr/local/n/versions/node/* -maxdepth 0 -type d 2>/dev/null | tail -1`/bin; XCODE_NODE_PATH=`xcode-select --print-path`/usr/share/xcs/Node/bin; PATH=$NODEJS_PATH:$NVM_NODE_PATH:$N_NODE_PATH:$XCODE_NODE_PATH:$PATH && node cordova/lib/copy-www-build-step.js";
			showEnvVarsInLog = 0;
		};
/* End PBXShellScriptBuildPhase section */

/* Begin PBXSourcesBuildPhase section */
		1D60588E0D05DD3D006BFB54 /* Sources */ = {
			isa = PBXSourcesBuildPhase;
			buildActionMask = 2147483647;
			files = (
				1D60589B0D05DD56006BFB54 /* main.m in Sources */,
				1D3623260D0F684500981E51 /* AppDelegate.m in Sources */,
				302D95F114D2391D003F00A1 /* MainViewController.m in Sources */,
				AE25628D35E74E979D70843D /* AppDelegate+APPAppEvent.m in Sources */,
				5D67DA2E6D814DBFB3A27F60 /* CDVPlugin+APPAppEvent.m in Sources */,
				982B50F5BD2A455892891B1D /* APPBadge.m in Sources */,
				090D85115E4D4C1C878EB455 /* UIApplication+APPBadge.m in Sources */,
				1F9D829362554D3D83CE866C /* UIImage+CropScaleOrientation.m in Sources */,
				A256E61AF6C94BCB9EE82419 /* CDVCamera.m in Sources */,
				E34D72F583FA4D909BB98A0D /* CDVJpegHeaderWriter.m in Sources */,
				08AC4ADBF5F149D9B15B3B7E /* CDVContacts.m in Sources */,
				8CAA474D90DE498B985A4E5C /* CDVContact.m in Sources */,
				74382A7E6B724CDFA30A7687 /* CDVDevice.m in Sources */,
				37B2AB67962145C49FF18A84 /* CDVFile.m in Sources */,
				42D876373E2A47C7B4528910 /* CDVLocalFilesystem.m in Sources */,
				8161568E7334489E8590420A /* CDVAssetLibraryFilesystem.m in Sources */,
				F8E2D7558C20456CB3EC2EB5 /* CDVFileTransfer.m in Sources */,
				1F86F4EB07F840EDAF8D39A5 /* UniversalAnalyticsPlugin.m in Sources */,
				DAF09FC378F946979A7EFFE1 /* CDVStatusBar.m in Sources */,
				FA3E03917C254C6790D7288B /* NSString+URLEncoding.m in Sources */,
				A41E1F484F43455EAF72621D /* SocialSharing.m in Sources */,
				54F382DB3705415DBBD114AB /* IonicKeyboard.m in Sources */,
				8895B145E2C3448D8201B435 /* AppDelegate+notification.m in Sources */,
				8404F17F26474CC1AEFFD065 /* PushPlugin.m in Sources */,
			);
			runOnlyForDeploymentPostprocessing = 0;
		};
/* End PBXSourcesBuildPhase section */

/* Begin PBXTargetDependency section */
		301BF551109A68C00062928A /* PBXTargetDependency */ = {
			isa = PBXTargetDependency;
			name = CordovaLib;
			targetProxy = 301BF550109A68C00062928A /* PBXContainerItemProxy */;
		};
/* End PBXTargetDependency section */

/* Begin XCBuildConfiguration section */
		1D6058940D05DD3E006BFB54 /* Debug */ = {
			isa = XCBuildConfiguration;
			baseConfigurationReference = 3047A50F1AB8059700498E2A /* build-debug.xcconfig */;
			buildSettings = {
				ALWAYS_SEARCH_USER_PATHS = NO;
				ASSETCATALOG_COMPILER_APPICON_NAME = AppIcon;
				ASSETCATALOG_COMPILER_LAUNCHIMAGE_NAME = LaunchImage;
				CLANG_ENABLE_MODULES = YES;
				CLANG_ENABLE_OBJC_ARC = YES;
				CODE_SIGN_IDENTITY = "iPhone Developer";
				COPY_PHASE_STRIP = NO;
				GCC_DYNAMIC_NO_PIC = NO;
				GCC_OPTIMIZATION_LEVEL = 0;
				GCC_PRECOMPILE_PREFIX_HEADER = YES;
				GCC_PREFIX_HEADER = "halle/halle-Prefix.pch";
				GCC_THUMB_SUPPORT = NO;
				GCC_VERSION = "";
				INFOPLIST_FILE = "halle/halle-Info.plist";
				LD_RUNPATH_SEARCH_PATHS = "@executable_path/Frameworks";
				LIBRARY_SEARCH_PATHS = (
					"$(inherited)",
					"\"$(SRCROOT)/halle/Plugins/cordova-plugin-google-analytics\"",
					"\"$(SRCROOT)/halle/Plugins/cordova-plugin-google-analytics\"",
					"\"$(SRCROOT)/halle/Plugins/phonegap-plugin-push/GCM/Libraries\"",
					"\"$(SRCROOT)/halle/Plugins/phonegap-plugin-push/GCM/Libraries\"",
					"\"$(SRCROOT)/halle/Plugins/phonegap-plugin-push/GCM/Libraries\"",
					"\"$(SRCROOT)/halle/Plugins/phonegap-plugin-push/GCM/Libraries\"",
					"\"$(SRCROOT)/halle/Plugins/phonegap-plugin-push/GCM/Libraries\"",
					"\"$(SRCROOT)/halle/Plugins/phonegap-plugin-push/GCM/Libraries\"",
					"\"$(SRCROOT)/halle/Plugins/phonegap-plugin-push/GCM/Libraries\"",
					"\"$(SRCROOT)/halle/Plugins/phonegap-plugin-push/GCM/Libraries\"",
					"\"$(SRCROOT)/halle/Plugins/phonegap-plugin-push/GCM/Libraries\"",
					"\"$(SRCROOT)/halle/Plugins/phonegap-plugin-push/GCM/Libraries\"",
					"\"$(SRCROOT)/halle/Plugins/phonegap-plugin-push/GCM/Libraries\"",
					"\"$(SRCROOT)/halle/Plugins/phonegap-plugin-push/GCM/Libraries\"",
					"\"$(SRCROOT)/halle/Plugins/phonegap-plugin-push/GCM/Libraries\"",
					"\"$(SRCROOT)/halle/Plugins/phonegap-plugin-push/GCM/Libraries\"",
					"\"$(SRCROOT)/halle/Plugins/phonegap-plugin-push/GCM/Libraries\"",
					"\"$(SRCROOT)/halle/Plugins/phonegap-plugin-push/GCM/Libraries\"",
					"\"$(SRCROOT)/halle/Plugins/phonegap-plugin-push/GCM/Libraries\"",
					"\"$(SRCROOT)/halle/Plugins/phonegap-plugin-push/GCM/Libraries\"",
					"\"$(SRCROOT)/halle/Plugins/phonegap-plugin-push/GCM/Libraries\"",
					"\"$(SRCROOT)/halle/Plugins/phonegap-plugin-push/GCM/Libraries\"",
					"\"$(SRCROOT)/halle/Plugins/phonegap-plugin-push/GCM/Libraries\"",
					"\"$(SRCROOT)/halle/Plugins/phonegap-plugin-push/GCM/Libraries\"",
					"\"$(SRCROOT)/halle/Plugins/phonegap-plugin-push/GCM/Libraries\"",
					"\"$(SRCROOT)/halle/Plugins/phonegap-plugin-push/GCM/Libraries\"",
					"\"$(SRCROOT)/halle/Plugins/phonegap-plugin-push/GCM/Libraries\"",
					"\"$(SRCROOT)/halle/Plugins/phonegap-plugin-push/GCM/Libraries\"",
				);
				PRODUCT_BUNDLE_IDENTIFIER = net.halleapp.halle;
				PRODUCT_NAME = halle;
				TARGETED_DEVICE_FAMILY = 1;
			};
			name = Debug;
		};
		1D6058950D05DD3E006BFB54 /* Release */ = {
			isa = XCBuildConfiguration;
			baseConfigurationReference = 3047A5101AB8059700498E2A /* build-release.xcconfig */;
			buildSettings = {
				ALWAYS_SEARCH_USER_PATHS = NO;
				ASSETCATALOG_COMPILER_APPICON_NAME = AppIcon;
				ASSETCATALOG_COMPILER_LAUNCHIMAGE_NAME = LaunchImage;
				CLANG_ENABLE_MODULES = YES;
				CLANG_ENABLE_OBJC_ARC = YES;
				CODE_SIGN_IDENTITY = "iPhone Developer";
				COPY_PHASE_STRIP = YES;
				GCC_PRECOMPILE_PREFIX_HEADER = YES;
				GCC_PREFIX_HEADER = "halle/halle-Prefix.pch";
				GCC_THUMB_SUPPORT = NO;
				GCC_VERSION = "";
				INFOPLIST_FILE = "halle/halle-Info.plist";
				LIBRARY_SEARCH_PATHS = (
					"$(inherited)",
					"\"$(SRCROOT)/halle/Plugins/cordova-plugin-google-analytics\"",
					"\"$(SRCROOT)/halle/Plugins/cordova-plugin-google-analytics\"",
					"\"$(SRCROOT)/halle/Plugins/phonegap-plugin-push/GCM/Libraries\"",
					"\"$(SRCROOT)/halle/Plugins/phonegap-plugin-push/GCM/Libraries\"",
					"\"$(SRCROOT)/halle/Plugins/phonegap-plugin-push/GCM/Libraries\"",
					"\"$(SRCROOT)/halle/Plugins/phonegap-plugin-push/GCM/Libraries\"",
					"\"$(SRCROOT)/halle/Plugins/phonegap-plugin-push/GCM/Libraries\"",
					"\"$(SRCROOT)/halle/Plugins/phonegap-plugin-push/GCM/Libraries\"",
					"\"$(SRCROOT)/halle/Plugins/phonegap-plugin-push/GCM/Libraries\"",
					"\"$(SRCROOT)/halle/Plugins/phonegap-plugin-push/GCM/Libraries\"",
					"\"$(SRCROOT)/halle/Plugins/phonegap-plugin-push/GCM/Libraries\"",
					"\"$(SRCROOT)/halle/Plugins/phonegap-plugin-push/GCM/Libraries\"",
					"\"$(SRCROOT)/halle/Plugins/phonegap-plugin-push/GCM/Libraries\"",
					"\"$(SRCROOT)/halle/Plugins/phonegap-plugin-push/GCM/Libraries\"",
					"\"$(SRCROOT)/halle/Plugins/phonegap-plugin-push/GCM/Libraries\"",
					"\"$(SRCROOT)/halle/Plugins/phonegap-plugin-push/GCM/Libraries\"",
					"\"$(SRCROOT)/halle/Plugins/phonegap-plugin-push/GCM/Libraries\"",
					"\"$(SRCROOT)/halle/Plugins/phonegap-plugin-push/GCM/Libraries\"",
					"\"$(SRCROOT)/halle/Plugins/phonegap-plugin-push/GCM/Libraries\"",
					"\"$(SRCROOT)/halle/Plugins/phonegap-plugin-push/GCM/Libraries\"",
					"\"$(SRCROOT)/halle/Plugins/phonegap-plugin-push/GCM/Libraries\"",
					"\"$(SRCROOT)/halle/Plugins/phonegap-plugin-push/GCM/Libraries\"",
					"\"$(SRCROOT)/halle/Plugins/phonegap-plugin-push/GCM/Libraries\"",
					"\"$(SRCROOT)/halle/Plugins/phonegap-plugin-push/GCM/Libraries\"",
					"\"$(SRCROOT)/halle/Plugins/phonegap-plugin-push/GCM/Libraries\"",
					"\"$(SRCROOT)/halle/Plugins/phonegap-plugin-push/GCM/Libraries\"",
					"\"$(SRCROOT)/halle/Plugins/phonegap-plugin-push/GCM/Libraries\"",
					"\"$(SRCROOT)/halle/Plugins/phonegap-plugin-push/GCM/Libraries\"",
				);
				PRODUCT_BUNDLE_IDENTIFIER = net.halleapp.halle;
				PRODUCT_NAME = halle;
				TARGETED_DEVICE_FAMILY = 1;
			};
			name = Release;
		};
		C01FCF4F08A954540054247B /* Debug */ = {
			isa = XCBuildConfiguration;
			baseConfigurationReference = 3047A5111AB8059700498E2A /* build.xcconfig */;
			buildSettings = {
				CLANG_ENABLE_MODULES = YES;
				CLANG_ENABLE_OBJC_ARC = YES;
				CLANG_WARN_BOOL_CONVERSION = YES;
				CLANG_WARN_CONSTANT_CONVERSION = YES;
				CLANG_WARN_EMPTY_BODY = YES;
				CLANG_WARN_ENUM_CONVERSION = YES;
				CLANG_WARN_INT_CONVERSION = YES;
				CLANG_WARN__DUPLICATE_METHOD_MATCH = YES;
				GCC_C_LANGUAGE_STANDARD = c99;
				GCC_THUMB_SUPPORT = NO;
				GCC_VERSION = "";
				GCC_WARN_ABOUT_RETURN_TYPE = YES;
				GCC_WARN_UNDECLARED_SELECTOR = YES;
				GCC_WARN_UNINITIALIZED_AUTOS = YES;
				GCC_WARN_UNUSED_FUNCTION = YES;
				GCC_WARN_UNUSED_VARIABLE = YES;
				ONLY_ACTIVE_ARCH = YES;
				SDKROOT = iphoneos;
				SKIP_INSTALL = NO;
			};
			name = Debug;
		};
		C01FCF5008A954540054247B /* Release */ = {
			isa = XCBuildConfiguration;
			baseConfigurationReference = 3047A5111AB8059700498E2A /* build.xcconfig */;
			buildSettings = {
				CLANG_ENABLE_MODULES = YES;
				CLANG_ENABLE_OBJC_ARC = YES;
				CLANG_WARN_BOOL_CONVERSION = YES;
				CLANG_WARN_CONSTANT_CONVERSION = YES;
				CLANG_WARN_EMPTY_BODY = YES;
				CLANG_WARN_ENUM_CONVERSION = YES;
				CLANG_WARN_INT_CONVERSION = YES;
				CLANG_WARN__DUPLICATE_METHOD_MATCH = YES;
				GCC_C_LANGUAGE_STANDARD = c99;
				GCC_THUMB_SUPPORT = NO;
				GCC_VERSION = "";
				GCC_WARN_ABOUT_RETURN_TYPE = YES;
				GCC_WARN_UNDECLARED_SELECTOR = YES;
				GCC_WARN_UNINITIALIZED_AUTOS = YES;
				GCC_WARN_UNUSED_FUNCTION = YES;
				GCC_WARN_UNUSED_VARIABLE = YES;
				SDKROOT = iphoneos;
				SKIP_INSTALL = NO;
			};
			name = Release;
		};
/* End XCBuildConfiguration section */

/* Begin XCConfigurationList section */
		1D6058960D05DD3E006BFB54 /* Build configuration list for PBXNativeTarget "halle" */ = {
			isa = XCConfigurationList;
			buildConfigurations = (
				1D6058940D05DD3E006BFB54 /* Debug */,
				1D6058950D05DD3E006BFB54 /* Release */,
			);
			defaultConfigurationIsVisible = 0;
			defaultConfigurationName = Release;
		};
		C01FCF4E08A954540054247B /* Build configuration list for PBXProject "halle" */ = {
			isa = XCConfigurationList;
			buildConfigurations = (
				C01FCF4F08A954540054247B /* Debug */,
				C01FCF5008A954540054247B /* Release */,
			);
			defaultConfigurationIsVisible = 0;
			defaultConfigurationName = Release;
		};
/* End XCConfigurationList section */
	};
	rootObject = 29B97313FDCFA39411CA2CEA /* Project object */;
}
